
Microsoft Visual Studio Solution File, Format Version 12.00
# Visual Studio Version 16
VisualStudioVersion = 16.0.30907.101
MinimumVisualStudioVersion = 10.0.40219.1
Project("{FAE04EC0-301F-11D3-BF4B-00C04F79EFBC}") = "SeniorSupport", "SeniorSupport\SeniorSupport.csproj", "{2EEB41C5-A929-4B9A-97BC-A58C911173A5}"
EndProject
Global
	GlobalSection(SolutionConfigurationPlatforms) = preSolution
		Debug|Any CPU = Debug|Any CPU
		Release|Any CPU = Release|Any CPU
	EndGlobalSection
	GlobalSection(ProjectConfigurationPlatforms) = postSolution
		{2EEB41C5-A929-4B9A-97BC-A58C911173A5}.Debug|Any CPU.ActiveCfg = Debug|Any CPU
		{2EEB41C5-A929-4B9A-97BC-A58C911173A5}.Debug|Any CPU.Build.0 = Debug|Any CPU
		{2EEB41C5-A929-4B9A-97BC-A58C911173A5}.Release|Any CPU.ActiveCfg = Release|Any CPU
		{2EEB41C5-A929-4B9A-97BC-A58C911173A5}.Release|Any CPU.Build.0 = Release|Any CPU
	EndGlobalSection
	GlobalSection(SolutionProperties) = preSolution
		HideSolutionNode = FALSE
	EndGlobalSection
	GlobalSection(ExtensibilityGlobals) = postSolution
		SolutionGuid = {DEA25D0A-B01D-4D2D-AFF9-B322930A6743}
	EndGlobalSection
EndGlobal
